{
  "name": "the-script-tools",
  "version": "1.0.0",
  "lockfileVersion": 2,
  "requires": true,
  "packages": {
    "": {
      "name": "the-script-tools",
      "version": "1.0.0",
      "dependencies": {
        "pdf-lib": "^1.17.1"
      }
    },
    "node_modules/pdf-lib": {
      "version": "1.17.1",
      "resolved": "https://registry.npmjs.org/pdf-lib/-/pdf-lib-1.17.1.tgz",
      "integrity": "sha512-dBCcUuBEAQMnONBOhSAGMhGxDp5hmDcGJAlsDqXXfSYGdEfwmOMzVgSP3WNB/1mVo3m7YnFa0+rBq7A2FrJA==",
      "dependencies": {
        "@pdf-lib/fontkit": "^1.1.1",
        "@pdf-lib/upng": "^1.0.1"
      }
    }
  }
}
